
Microsoft Visual Studio Solution File, Format Version 12.00
# Visual Studio Version 17
VisualStudioVersion = 17.3.32929.385
MinimumVisualStudioVersion = 10.0.40219.1
Project("{FAE04EC0-301F-11D3-BF4B-00C04F79EFBC}") = "Pizza_samkov", "Pizza_samkov.csproj", "{857C2AB1-600F-4DC4-9FC6-3C102F99B5D8}"
EndProject
Global
	GlobalSection(SolutionConfigurationPlatforms) = preSolution
		Debug|Any CPU = Debug|Any CPU
		Release|Any CPU = Release|Any CPU
	EndGlobalSection
	GlobalSection(ProjectConfigurationPlatforms) = postSolution
		{857C2AB1-600F-4DC4-9FC6-3C102F99B5D8}.Debug|Any CPU.ActiveCfg = Debug|Any CPU
		{857C2AB1-600F-4DC4-9FC6-3C102F99B5D8}.Debug|Any CPU.Build.0 = Debug|Any CPU
		{857C2AB1-600F-4DC4-9FC6-3C102F99B5D8}.Release|Any CPU.ActiveCfg = Release|Any CPU
		{857C2AB1-600F-4DC4-9FC6-3C102F99B5D8}.Release|Any CPU.Build.0 = Release|Any CPU
	EndGlobalSection
	GlobalSection(SolutionProperties) = preSolution
		HideSolutionNode = FALSE
	EndGlobalSection
	GlobalSection(ExtensibilityGlobals) = postSolution
		SolutionGuid = {6A92DF67-7042-41E1-9542-9DE262EE7EF9}
	EndGlobalSection
EndGlobal
